# This file is automatically @generated by Poetry 1.5.1 and should not be changed by hand.

[[package]]
name = "anyio"
version = "4.3.0"
description = "High level compatibility layer for multiple asynchronous event loop implementations"
optional = false
python-versions = ">=3.8"
files = [
    {file = "anyio-4.3.0-py3-none-any.whl", hash = "sha256:048e05d0f6caeed70d731f3db756d35dcc1f35747c8c403364a8332c630441b8"},
    {file = "anyio-4.3.0.tar.gz", hash = "sha256:f75253795a87df48568485fd18cdd2a3fa5c4f7c5be8e5e36637733fce06fed6"},
]

[package.dependencies]
exceptiongroup = {version = ">=1.0.2", markers = "python_version < \"3.11\""}
idna = ">=2.8"
sniffio = ">=1.1"
typing-extensions = {version = ">=4.1", markers = "python_version < \"3.11\""}

[package.extras]
doc = ["Sphinx (>=7)", "packaging", "sphinx-autodoc-typehints (>=1.2.0)", "sphinx-rtd-theme"]
test = ["anyio[trio]", "coverage[toml] (>=7)", "exceptiongroup (>=1.2.0)", "hypothesis (>=4.0)", "psutil (>=5.9)", "pytest (>=7.0)", "pytest-mock (>=3.6.1)", "trustme", "uvloop (>=0.17)"]
trio = ["trio (>=0.23)"]

[[package]]
name = "certifi"
version = "2024.2.2"
description = "Python package for providing Mozilla's CA Bundle."
optional = false
python-versions = ">=3.6"
files = [
    {file = "certifi-2024.2.2-py3-none-any.whl", hash = "sha256:dc383c07b76109f368f6106eee2b593b04a011ea4d55f652c6ca24a754d1cdd1"},
    {file = "certifi-2024.2.2.tar.gz", hash = "sha256:0569859f95fc761b18b45ef421b1290a0f65f147e92a1e5eb3e635f9a5e4e66f"},
]

[[package]]
name = "colorama"
version = "0.4.6"
description = "Cross-platform colored terminal text."
optional = false
python-versions = "!=3.0.*,!=3.1.*,!=3.2.*,!=3.3.*,!=3.4.*,!=3.5.*,!=3.6.*,>=2.7"
files = [
    {file = "colorama-0.4.6-py2.py3-none-any.whl", hash = "sha256:4f1d9991f5acc0ca119f9d443620b77f9d6b33703e51011c16baf57afb285fc6"},
    {file = "colorama-0.4.6.tar.gz", hash = "sha256:08695f5cb7ed6e0531a20572697297273c47b8cae5a63ffc6d6ed5c201be6e44"},
]

[[package]]
name = "distro"
version = "1.9.0"
description = "Distro - an OS platform information API"
optional = false
python-versions = ">=3.6"
files = [
    {file = "distro-1.9.0-py3-none-any.whl", hash = "sha256:7bffd925d65168f85027d8da9af6bddab658135b840670a223589bc0c8ef02b2"},
    {file = "distro-1.9.0.tar.gz", hash = "sha256:2fa77c6fd8940f116ee1d6b94a2f90b13b5ea8d019b98bc8bafdcabcdd9bdbed"},
]

[[package]]
name = "exceptiongroup"
version = "1.2.0"
description = "Backport of PEP 654 (exception groups)"
optional = false
python-versions = ">=3.7"
files = [
    {file = "exceptiongroup-1.2.0-py3-none-any.whl", hash = "sha256:4bfd3996ac73b41e9b9628b04e079f193850720ea5945fc96a08633c66912f14"},
    {file = "exceptiongroup-1.2.0.tar.gz", hash = "sha256:91f5c769735f051a4290d52edd0858999b57e5876e9f85937691bd4c9fa3ed68"},
]

[package.extras]
test = ["pytest (>=6)"]

[[package]]
name = "h11"
version = "0.14.0"
description = "A pure-Python, bring-your-own-I/O implementation of HTTP/1.1"
optional = false
python-versions = ">=3.7"
files = [
    {file = "h11-0.14.0-py3-none-any.whl", hash = "sha256:e3fe4ac4b851c468cc8363d500db52c2ead036020723024a109d37346efaa761"},
    {file = "h11-0.14.0.tar.gz", hash = "sha256:8f19fbbe99e72420ff35c00b27a34cb9937e902a8b810e2c88300c6f0a3b699d"},
]

[[package]]
name = "httpcore"
version = "1.0.3"
description = "A minimal low-level HTTP client."
optional = false
python-versions = ">=3.8"
files = [
    {file = "httpcore-1.0.3-py3-none-any.whl", hash = "sha256:9a6a501c3099307d9fd76ac244e08503427679b1e81ceb1d922485e2f2462ad2"},
    {file = "httpcore-1.0.3.tar.gz", hash = "sha256:5c0f9546ad17dac4d0772b0808856eb616eb8b48ce94f49ed819fd6982a8a544"},
]

[package.dependencies]
certifi = "*"
h11 = ">=0.13,<0.15"

[package.extras]
asyncio = ["anyio (>=4.0,<5.0)"]
http2 = ["h2 (>=3,<5)"]
socks = ["socksio (==1.*)"]
trio = ["trio (>=0.22.0,<0.24.0)"]

[[package]]
name = "httpx"
version = "0.26.0"
description = "The next generation HTTP client."
optional = false
python-versions = ">=3.8"
files = [
    {file = "httpx-0.26.0-py3-none-any.whl", hash = "sha256:8915f5a3627c4d47b73e8202457cb28f1266982d1159bd5779d86a80c0eab1cd"},
    {file = "httpx-0.26.0.tar.gz", hash = "sha256:451b55c30d5185ea6b23c2c793abf9bb237d2a7dfb901ced6ff69ad37ec1dfaf"},
]

[package.dependencies]
anyio = "*"
certifi = "*"
httpcore = "==1.*"
idna = "*"
sniffio = "*"

[package.extras]
brotli = ["brotli", "brotlicffi"]
cli = ["click (==8.*)", "pygments (==2.*)", "rich (>=10,<14)"]
http2 = ["h2 (>=3,<5)"]
socks = ["socksio (==1.*)"]

[[package]]
name = "idna"
version = "3.6"
description = "Internationalized Domain Names in Applications (IDNA)"
optional = false
python-versions = ">=3.5"
files = [
    {file = "idna-3.6-py3-none-any.whl", hash = "sha256:c05567e9c24a6b9faaa835c4821bad0590fbb9d5779e7caa6e1cc4978e7eb24f"},
    {file = "idna-3.6.tar.gz", hash = "sha256:9ecdbbd083b06798ae1e86adcbfe8ab1479cf864e4ee30fe4e46a003d12491ca"},
]

[[package]]
name = "openai"
version = "1.12.0"
description = "The official Python library for the openai API"
optional = false
python-versions = ">=3.7.1"
files = [
    {file = "openai-1.12.0-py3-none-any.whl", hash = "sha256:a54002c814e05222e413664f651b5916714e4700d041d5cf5724d3ae1a3e3481"},
    {file = "openai-1.12.0.tar.gz", hash = "sha256:99c5d257d09ea6533d689d1cc77caa0ac679fa21efef8893d8b0832a86877f1b"},
]

[package.dependencies]
anyio = ">=3.5.0,<5"
distro = ">=1.7.0,<2"
httpx = ">=0.23.0,<1"
pydantic = ">=1.9.0,<3"
sniffio = "*"
tqdm = ">4"
typing-extensions = ">=4.7,<5"

[package.extras]
datalib = ["numpy (>=1)", "pandas (>=1.2.3)", "pandas-stubs (>=1.1.0.11)"]

[[package]]
name = "pydantic"
version = "1.10.14"
description = "Data validation and settings management using python type hints"
optional = false
python-versions = ">=3.7"
files = [
    {file = "pydantic-1.10.14-cp310-cp310-macosx_10_9_x86_64.whl", hash = "sha256:7f4fcec873f90537c382840f330b90f4715eebc2bc9925f04cb92de593eae054"},
    {file = "pydantic-1.10.14-cp310-cp310-macosx_11_0_arm64.whl", hash = "sha256:8e3a76f571970fcd3c43ad982daf936ae39b3e90b8a2e96c04113a369869dc87"},
    {file = "pydantic-1.10.14-cp310-cp310-manylinux_2_17_x86_64.manylinux2014_x86_64.whl", hash = "sha256:82d886bd3c3fbeaa963692ef6b643159ccb4b4cefaf7ff1617720cbead04fd1d"},
    {file = "pydantic-1.10.14-cp310-cp310-manylinux_2_5_i686.manylinux1_i686.manylinux_2_17_i686.manylinux2014_i686.whl", hash = "sha256:798a3d05ee3b71967844a1164fd5bdb8c22c6d674f26274e78b9f29d81770c4e"},
    {file = "pydantic-1.10.14-cp310-cp310-musllinux_1_1_i686.whl", hash = "sha256:23d47a4b57a38e8652bcab15a658fdb13c785b9ce217cc3a729504ab4e1d6bc9"},
    {file = "pydantic-1.10.14-cp310-cp310-musllinux_1_1_x86_64.whl", hash = "sha256:f9f674b5c3bebc2eba401de64f29948ae1e646ba2735f884d1594c5f675d6f2a"},
    {file = "pydantic-1.10.14-cp310-cp310-win_amd64.whl", hash = "sha256:24a7679fab2e0eeedb5a8924fc4a694b3bcaac7d305aeeac72dd7d4e05ecbebf"},
    {file = "pydantic-1.10.14-cp311-cp311-macosx_10_9_x86_64.whl", hash = "sha256:9d578ac4bf7fdf10ce14caba6f734c178379bd35c486c6deb6f49006e1ba78a7"},
    {file = "pydantic-1.10.14-cp311-cp311-macosx_11_0_arm64.whl", hash = "sha256:fa7790e94c60f809c95602a26d906eba01a0abee9cc24150e4ce2189352deb1b"},
    {file = "pydantic-1.10.14-cp311-cp311-manylinux_2_17_x86_64.manylinux2014_x86_64.whl", hash = "sha256:aad4e10efa5474ed1a611b6d7f0d130f4aafadceb73c11d9e72823e8f508e663"},
    {file = "pydantic-1.10.14-cp311-cp311-manylinux_2_5_i686.manylinux1_i686.manylinux_2_17_i686.manylinux2014_i686.whl", hash = "sha256:1245f4f61f467cb3dfeced2b119afef3db386aec3d24a22a1de08c65038b255f"},
    {file = "pydantic-1.10.14-cp311-cp311-musllinux_1_1_i686.whl", hash = "sha256:21efacc678a11114c765eb52ec0db62edffa89e9a562a94cbf8fa10b5db5c046"},
    {file = "pydantic-1.10.14-cp311-cp311-musllinux_1_1_x86_64.whl", hash = "sha256:412ab4a3f6dbd2bf18aefa9f79c7cca23744846b31f1d6555c2ee2b05a2e14ca"},
    {file = "pydantic-1.10.14-cp311-cp311-win_amd64.whl", hash = "sha256:e897c9f35281f7889873a3e6d6b69aa1447ceb024e8495a5f0d02ecd17742a7f"},
    {file = "pydantic-1.10.14-cp37-cp37m-macosx_10_9_x86_64.whl", hash = "sha256:d604be0f0b44d473e54fdcb12302495fe0467c56509a2f80483476f3ba92b33c"},
    {file = "pydantic-1.10.14-cp37-cp37m-manylinux_2_17_x86_64.manylinux2014_x86_64.whl", hash = "sha256:a42c7d17706911199798d4c464b352e640cab4351efe69c2267823d619a937e5"},
    {file = "pydantic-1.10.14-cp37-cp37m-manylinux_2_5_i686.manylinux1_i686.manylinux_2_17_i686.manylinux2014_i686.whl", hash = "sha256:596f12a1085e38dbda5cbb874d0973303e34227b400b6414782bf205cc14940c"},
    {file = "pydantic-1.10.14-cp37-cp37m-musllinux_1_1_i686.whl", hash = "sha256:bfb113860e9288d0886e3b9e49d9cf4a9d48b441f52ded7d96db7819028514cc"},
    {file = "pydantic-1.10.14-cp37-cp37m-musllinux_1_1_x86_64.whl", hash = "sha256:bc3ed06ab13660b565eed80887fcfbc0070f0aa0691fbb351657041d3e874efe"},
    {file = "pydantic-1.10.14-cp37-cp37m-win_amd64.whl", hash = "sha256:ad8c2bc677ae5f6dbd3cf92f2c7dc613507eafe8f71719727cbc0a7dec9a8c01"},
    {file = "pydantic-1.10.14-cp38-cp38-macosx_10_9_x86_64.whl", hash = "sha256:c37c28449752bb1f47975d22ef2882d70513c546f8f37201e0fec3a97b816eee"},
    {file = "pydantic-1.10.14-cp38-cp38-macosx_11_0_arm64.whl", hash = "sha256:49a46a0994dd551ec051986806122767cf144b9702e31d47f6d493c336462597"},
    {file = "pydantic-1.10.14-cp38-cp38-manylinux_2_17_x86_64.manylinux2014_x86_64.whl", hash = "sha256:53e3819bd20a42470d6dd0fe7fc1c121c92247bca104ce608e609b59bc7a77ee"},
    {file = "pydantic-1.10.14-cp38-cp38-manylinux_2_5_i686.manylinux1_i686.manylinux_2_17_i686.manylinux2014_i686.whl", hash = "sha256:0fbb503bbbbab0c588ed3cd21975a1d0d4163b87e360fec17a792f7d8c4ff29f"},
    {file = "pydantic-1.10.14-cp38-cp38-musllinux_1_1_i686.whl", hash = "sha256:336709883c15c050b9c55a63d6c7ff09be883dbc17805d2b063395dd9d9d0022"},
    {file = "pydantic-1.10.14-cp38-cp38-musllinux_1_1_x86_64.whl", hash = "sha256:4ae57b4d8e3312d486e2498d42aed3ece7b51848336964e43abbf9671584e67f"},
    {file = "pydantic-1.10.14-cp38-cp38-win_amd64.whl", hash = "sha256:dba49d52500c35cfec0b28aa8b3ea5c37c9df183ffc7210b10ff2a415c125c4a"},
    {file = "pydantic-1.10.14-cp39-cp39-macosx_10_9_x86_64.whl", hash = "sha256:c66609e138c31cba607d8e2a7b6a5dc38979a06c900815495b2d90ce6ded35b4"},
    {file = "pydantic-1.10.14-cp39-cp39-macosx_11_0_arm64.whl", hash = "sha256:d986e115e0b39604b9eee3507987368ff8148222da213cd38c359f6f57b3b347"},
    {file = "pydantic-1.10.14-cp39-cp39-manylinux_2_17_x86_64.manylinux2014_x86_64.whl", hash = "sha256:646b2b12df4295b4c3148850c85bff29ef6d0d9621a8d091e98094871a62e5c7"},
    {file = "pydantic-1.10.14-cp39-cp39-manylinux_2_5_i686.manylinux1_i686.manylinux_2_17_i686.manylinux2014_i686.whl", hash = "sha256:282613a5969c47c83a8710cc8bfd1e70c9223feb76566f74683af889faadc0ea"},
    {file = "pydantic-1.10.14-cp39-cp39-musllinux_1_1_i686.whl", hash = "sha256:466669501d08ad8eb3c4fecd991c5e793c4e0bbd62299d05111d4f827cded64f"},
    {file = "pydantic-1.10.14-cp39-cp39-musllinux_1_1_x86_64.whl", hash = "sha256:13e86a19dca96373dcf3190fcb8797d40a6f12f154a244a8d1e8e03b8f280593"},
    {file = "pydantic-1.10.14-cp39-cp39-win_amd64.whl", hash = "sha256:08b6ec0917c30861e3fe71a93be1648a2aa4f62f866142ba21670b24444d7fd8"},
    {file = "pydantic-1.10.14-py3-none-any.whl", hash = "sha256:8ee853cd12ac2ddbf0ecbac1c289f95882b2d4482258048079d13be700aa114c"},
    {file = "pydantic-1.10.14.tar.gz", hash = "sha256:46f17b832fe27de7850896f3afee50ea682220dd218f7e9c88d436788419dca6"},
]

[package.dependencies]
typing-extensions = ">=4.2.0"

[package.extras]
dotenv = ["python-dotenv (>=0.10.4)"]
email = ["email-validator (>=1.0.3)"]

[[package]]
name = "sniffio"
version = "1.3.0"
description = "Sniff out which async library your code is running under"
optional = false
python-versions = ">=3.7"
files = [
    {file = "sniffio-1.3.0-py3-none-any.whl", hash = "sha256:eecefdce1e5bbfb7ad2eeaabf7c1eeb404d7757c379bd1f7e5cce9d8bf425384"},
    {file = "sniffio-1.3.0.tar.gz", hash = "sha256:e60305c5e5d314f5389259b7f22aaa33d8f7dee49763119234af3755c55b9101"},
]

[[package]]
name = "tqdm"
version = "4.66.2"
description = "Fast, Extensible Progress Meter"
optional = false
python-versions = ">=3.7"
files = [
    {file = "tqdm-4.66.2-py3-none-any.whl", hash = "sha256:1ee4f8a893eb9bef51c6e35730cebf234d5d0b6bd112b0271e10ed7c24a02bd9"},
    {file = "tqdm-4.66.2.tar.gz", hash = "sha256:6cd52cdf0fef0e0f543299cfc96fec90d7b8a7e88745f411ec33eb44d5ed3531"},
]

[package.dependencies]
colorama = {version = "*", markers = "platform_system == \"Windows\""}

[package.extras]
dev = ["pytest (>=6)", "pytest-cov", "pytest-timeout", "pytest-xdist"]
notebook = ["ipywidgets (>=6)"]
slack = ["slack-sdk"]
telegram = ["requests"]

[[package]]
name = "typing-extensions"
version = "4.9.0"
description = "Backported and Experimental Type Hints for Python 3.8+"
optional = false
python-versions = ">=3.8"
files = [
    {file = "typing_extensions-4.9.0-py3-none-any.whl", hash = "sha256:af72aea155e91adfc61c3ae9e0e342dbc0cba726d6cba4b6c72c1f34e47291cd"},
    {file = "typing_extensions-4.9.0.tar.gz", hash = "sha256:23478f88c37f27d76ac8aee6c905017a143b0b1b886c3c9f66bc2fd94f9f5783"},
]

[metadata]
lock-version = "2.0"
python-versions = "^3.9"
content-hash = "fb8b35a6caf8e8f195fd5dd9fad7e17f1078845717887a63dd671afdbba3c8fa"
